
Microsoft Visual Studio Solution File, Format Version 12.00
# Visual Studio 15
VisualStudioVersion = 15.0.28307.1684
MinimumVisualStudioVersion = 10.0.40219.1
Project("{FAE04EC0-301F-11D3-BF4B-00C04F79EFBC}") = "WebNotes", "WebNotes\WebNotes.csproj", "{6B9701D1-0E62-42CD-A164-FCA70090293E}"
EndProject
Global
	GlobalSection(SolutionConfigurationPlatforms) = preSolution
		Debug|Any CPU = Debug|Any CPU
		Release|Any CPU = Release|Any CPU
	EndGlobalSection
	GlobalSection(ProjectConfigurationPlatforms) = postSolution
		{6B9701D1-0E62-42CD-A164-FCA70090293E}.Debug|Any CPU.ActiveCfg = Debug|Any CPU
		{6B9701D1-0E62-42CD-A164-FCA70090293E}.Debug|Any CPU.Build.0 = Debug|Any CPU
		{6B9701D1-0E62-42CD-A164-FCA70090293E}.Release|Any CPU.ActiveCfg = Release|Any CPU
		{6B9701D1-0E62-42CD-A164-FCA70090293E}.Release|Any CPU.Build.0 = Release|Any CPU
	EndGlobalSection
	GlobalSection(SolutionProperties) = preSolution
		HideSolutionNode = FALSE
	EndGlobalSection
	GlobalSection(ExtensibilityGlobals) = postSolution
		SolutionGuid = {F40FDEBD-E48E-4C13-ACE2-F5A233106F18}
	EndGlobalSection
EndGlobal
